// !$*UTF8*$!
{
	archiveVersion = 1;
	classes = {
	};
	objectVersion = 50;
	objects = {

/* Begin PBXBuildFile section */
		20BAD4FD6FEE3B53D6EB430B /* Pods_Todoey.framework in Frameworks */ = {isa = PBXBuildFile; fileRef = F21316DBCE533F2B9A975CBD /* Pods_Todoey.framework */; };
		2E00437722BF8BBB0048A898 /* CategoryTableViewController.swift in Sources */ = {isa = PBXBuildFile; fileRef = 2E00437622BF8BBB0048A898 /* CategoryTableViewController.swift */; };
		2E08A3CB22BA6072004A863E /* AppDelegate.swift in Sources */ = {isa = PBXBuildFile; fileRef = 2E08A3CA22BA6072004A863E /* AppDelegate.swift */; };
		2E08A3CD22BA6072004A863E /* TodoListViewController.swift in Sources */ = {isa = PBXBuildFile; fileRef = 2E08A3CC22BA6072004A863E /* TodoListViewController.swift */; };
		2E08A3D022BA6072004A863E /* Main.storyboard in Resources */ = {isa = PBXBuildFile; fileRef = 2E08A3CE22BA6072004A863E /* Main.storyboard */; };
		2E08A3D222BA6078004A863E /* Assets.xcassets in Resources */ = {isa = PBXBuildFile; fileRef = 2E08A3D122BA6078004A863E /* Assets.xcassets */; };
		2E08A3D522BA6078004A863E /* LaunchScreen.storyboard in Resources */ = {isa = PBXBuildFile; fileRef = 2E08A3D322BA6078004A863E /* LaunchScreen.storyboard */; };
		2EBF009C22BEADE300447CC9 /* DataModel.xcdatamodeld in Sources */ = {isa = PBXBuildFile; fileRef = 2EBF009A22BEADE300447CC9 /* DataModel.xcdatamodeld */; };
		2EFF3DCE22C5520A0006ED89 /* Item.swift in Sources */ = {isa = PBXBuildFile; fileRef = 2EFF3DCD22C5520A0006ED89 /* Item.swift */; };
		2EFF3DD022C5521F0006ED89 /* Category.swift in Sources */ = {isa = PBXBuildFile; fileRef = 2EFF3DCF22C5521F0006ED89 /* Category.swift */; };
/* End PBXBuildFile section */

/* Begin PBXFileReference section */
		1640B2DBCFBAD6A68F5CEF8F /* Pods-Todoey.debug.xcconfig */ = {isa = PBXFileReference; includeInIndex = 1; lastKnownFileType = text.xcconfig; name = "Pods-Todoey.debug.xcconfig"; path = "Target Support Files/Pods-Todoey/Pods-Todoey.debug.xcconfig"; sourceTree = "<group>"; };
		2E00437622BF8BBB0048A898 /* CategoryTableViewController.swift */ = {isa = PBXFileReference; lastKnownFileType = sourcecode.swift; path = CategoryTableViewController.swift; sourceTree = "<group>"; };
		2E08A3C722BA6072004A863E /* Todoey.app */ = {isa = PBXFileReference; explicitFileType = wrapper.application; includeInIndex = 0; path = Todoey.app; sourceTree = BUILT_PRODUCTS_DIR; };
		2E08A3CA22BA6072004A863E /* AppDelegate.swift */ = {isa = PBXFileReference; lastKnownFileType = sourcecode.swift; path = AppDelegate.swift; sourceTree = "<group>"; };
		2E08A3CC22BA6072004A863E /* TodoListViewController.swift */ = {isa = PBXFileReference; lastKnownFileType = sourcecode.swift; path = TodoListViewController.swift; sourceTree = "<group>"; };
		2E08A3CF22BA6072004A863E /* Base */ = {isa = PBXFileReference; lastKnownFileType = file.storyboard; name = Base; path = Base.lproj/Main.storyboard; sourceTree = "<group>"; };
		2E08A3D122BA6078004A863E /* Assets.xcassets */ = {isa = PBXFileReference; lastKnownFileType = folder.assetcatalog; path = Assets.xcassets; sourceTree = "<group>"; };
		2E08A3D422BA6078004A863E /* Base */ = {isa = PBXFileReference; lastKnownFileType = file.storyboard; name = Base; path = Base.lproj/LaunchScreen.storyboard; sourceTree = "<group>"; };
		2E08A3D622BA6078004A863E /* Info.plist */ = {isa = PBXFileReference; lastKnownFileType = text.plist.xml; path = Info.plist; sourceTree = "<group>"; };
		2EBF009B22BEADE300447CC9 /* DataModel.xcdatamodel */ = {isa = PBXFileReference; lastKnownFileType = wrapper.xcdatamodel; path = DataModel.xcdatamodel; sourceTree = "<group>"; };
		2EFF3DCD22C5520A0006ED89 /* Item.swift */ = {isa = PBXFileReference; lastKnownFileType = sourcecode.swift; path = Item.swift; sourceTree = "<group>"; };
		2EFF3DCF22C5521F0006ED89 /* Category.swift */ = {isa = PBXFileReference; lastKnownFileType = sourcecode.swift; path = Category.swift; sourceTree = "<group>"; };
		DA2AA40C4A64B6A411791432 /* Pods-Todoey.release.xcconfig */ = {isa = PBXFileReference; includeInIndex = 1; lastKnownFileType = text.xcconfig; name = "Pods-Todoey.release.xcconfig"; path = "Target Support Files/Pods-Todoey/Pods-Todoey.release.xcconfig"; sourceTree = "<group>"; };
		F21316DBCE533F2B9A975CBD /* Pods_Todoey.framework */ = {isa = PBXFileReference; explicitFileType = wrapper.framework; includeInIndex = 0; path = Pods_Todoey.framework; sourceTree = BUILT_PRODUCTS_DIR; };
/* End PBXFileReference section */

/* Begin PBXFrameworksBuildPhase section */
		2E08A3C422BA6072004A863E /* Frameworks */ = {
			isa = PBXFrameworksBuildPhase;
			buildActionMask = 2147483647;
			files = (
				20BAD4FD6FEE3B53D6EB430B /* Pods_Todoey.framework in Frameworks */,
			);
			runOnlyForDeploymentPostprocessing = 0;
		};
/* End PBXFrameworksBuildPhase section */

/* Begin PBXGroup section */
		2E08A3BE22BA6072004A863E = {
			isa = PBXGroup;
			children = (
				2E08A3C922BA6072004A863E /* Todoey */,
				2E08A3C822BA6072004A863E /* Products */,
				96B44B9EB21A2595AE7AD701 /* Pods */,
				F62BE9F99E9F2DD752077381 /* Frameworks */,
			);
			sourceTree = "<group>";
		};
		2E08A3C822BA6072004A863E /* Products */ = {
			isa = PBXGroup;
			children = (
				2E08A3C722BA6072004A863E /* Todoey.app */,
			);
			name = Products;
			sourceTree = "<group>";
		};
		2E08A3C922BA6072004A863E /* Todoey */ = {
			isa = PBXGroup;
			children = (
				2E08A3CA22BA6072004A863E /* AppDelegate.swift */,
				2E08A3CE22BA6072004A863E /* Main.storyboard */,
				2E00437622BF8BBB0048A898 /* CategoryTableViewController.swift */,
				2E08A3CC22BA6072004A863E /* TodoListViewController.swift */,
				2E08A3D122BA6078004A863E /* Assets.xcassets */,
				2E08A3D322BA6078004A863E /* LaunchScreen.storyboard */,
				2E08A3D622BA6078004A863E /* Info.plist */,
				2EFF3DCC22C551EE0006ED89 /* Data Model */,
			);
			path = Todoey;
			sourceTree = "<group>";
		};
		2EFF3DCC22C551EE0006ED89 /* Data Model */ = {
			isa = PBXGroup;
			children = (
				2EBF009A22BEADE300447CC9 /* DataModel.xcdatamodeld */,
				2EFF3DCD22C5520A0006ED89 /* Item.swift */,
				2EFF3DCF22C5521F0006ED89 /* Category.swift */,
			);
			path = "Data Model";
			sourceTree = "<group>";
		};
		96B44B9EB21A2595AE7AD701 /* Pods */ = {
			isa = PBXGroup;
			children = (
				1640B2DBCFBAD6A68F5CEF8F /* Pods-Todoey.debug.xcconfig */,
				DA2AA40C4A64B6A411791432 /* Pods-Todoey.release.xcconfig */,
			);
			path = Pods;
			sourceTree = "<group>";
		};
		F62BE9F99E9F2DD752077381 /* Frameworks */ = {
			isa = PBXGroup;
			children = (
				F21316DBCE533F2B9A975CBD /* Pods_Todoey.framework */,
			);
			name = Frameworks;
			sourceTree = "<group>";
		};
/* End PBXGroup section */

/* Begin PBXNativeTarget section */
		2E08A3C622BA6072004A863E /* Todoey */ = {
			isa = PBXNativeTarget;
			buildConfigurationList = 2E08A3D922BA6078004A863E /* Build configuration list for PBXNativeTarget "Todoey" */;
			buildPhases = (
				98D8799DE07DD4E41349EE3C /* [CP] Check Pods Manifest.lock */,
				2E08A3C322BA6072004A863E /* Sources */,
				2E08A3C422BA6072004A863E /* Frameworks */,
				2E08A3C522BA6072004A863E /* Resources */,
				FF84BA16E7F1F4F8799BCB47 /* [CP] Embed Pods Frameworks */,
			);
			buildRules = (
			);
			dependencies = (
			);
			name = Todoey;
			productName = Todoey;
			productReference = 2E08A3C722BA6072004A863E /* Todoey.app */;
			productType = "com.apple.product-type.application";
		};
/* End PBXNativeTarget section */

/* Begin PBXProject section */
		2E08A3BF22BA6072004A863E /* Project object */ = {
			isa = PBXProject;
			attributes = {
				LastSwiftUpdateCheck = 1020;
				LastUpgradeCheck = 1020;
				ORGANIZATIONNAME = "Dovydas Jakstas";
				TargetAttributes = {
					2E08A3C622BA6072004A863E = {
						CreatedOnToolsVersion = 10.2.1;
					};
				};
			};
			buildConfigurationList = 2E08A3C222BA6072004A863E /* Build configuration list for PBXProject "Todoey" */;
			compatibilityVersion = "Xcode 9.3";
			developmentRegion = en;
			hasScannedForEncodings = 0;
			knownRegions = (
				en,
				Base,
			);
			mainGroup = 2E08A3BE22BA6072004A863E;
			productRefGroup = 2E08A3C822BA6072004A863E /* Products */;
			projectDirPath = "";
			projectRoot = "";
			targets = (
				2E08A3C622BA6072004A863E /* Todoey */,
			);
		};
/* End PBXProject section */

/* Begin PBXResourcesBuildPhase section */
		2E08A3C522BA6072004A863E /* Resources */ = {
			isa = PBXResourcesBuildPhase;
			buildActionMask = 2147483647;
			files = (
				2E08A3D522BA6078004A863E /* LaunchScreen.storyboard in Resources */,
				2E08A3D222BA6078004A863E /* Assets.xcassets in Resources */,
				2E08A3D022BA6072004A863E /* Main.storyboard in Resources */,
			);
			runOnlyForDeploymentPostprocessing = 0;
		};
/* End PBXResourcesBuildPhase section */

/* Begin PBXShellScriptBuildPhase section */
		98D8799DE07DD4E41349EE3C /* [CP] Check Pods Manifest.lock */ = {
			isa = PBXShellScriptBuildPhase;
			buildActionMask = 2147483647;
			files = (
			);
			inputFileListPaths = (
			);
			inputPaths = (
				"${PODS_PODFILE_DIR_PATH}/Podfile.lock",
				"${PODS_ROOT}/Manifest.lock",
			);
			name = "[CP] Check Pods Manifest.lock";
			outputFileListPaths = (
			);
			outputPaths = (
				"$(DERIVED_FILE_DIR)/Pods-Todoey-checkManifestLockResult.txt",
			);
			runOnlyForDeploymentPostprocessing = 0;
			shellPath = /bin/sh;
			shellScript = "diff \"${PODS_PODFILE_DIR_PATH}/Podfile.lock\" \"${PODS_ROOT}/Manifest.lock\" > /dev/null\nif [ $? != 0 ] ; then\n    # print error to STDERR\n    echo \"error: The sandbox is not in sync with the Podfile.lock. Run 'pod install' or update your CocoaPods installation.\" >&2\n    exit 1\nfi\n# This output is used by Xcode 'outputs' to avoid re-running this script phase.\necho \"SUCCESS\" > \"${SCRIPT_OUTPUT_FILE_0}\"\n";
			showEnvVarsInLog = 0;
		};
		FF84BA16E7F1F4F8799BCB47 /* [CP] Embed Pods Frameworks */ = {
			isa = PBXShellScriptBuildPhase;
			buildActionMask = 2147483647;
			files = (
			);
			inputFileListPaths = (
			);
			inputPaths = (
				"${PODS_ROOT}/Target Support Files/Pods-Todoey/Pods-Todoey-frameworks.sh",
				"${BUILT_PRODUCTS_DIR}/Realm/Realm.framework",
				"${BUILT_PRODUCTS_DIR}/RealmSwift/RealmSwift.framework",
			);
			name = "[CP] Embed Pods Frameworks";
			outputFileListPaths = (
			);
			outputPaths = (
				"${TARGET_BUILD_DIR}/${FRAMEWORKS_FOLDER_PATH}/Realm.framework",
				"${TARGET_BUILD_DIR}/${FRAMEWORKS_FOLDER_PATH}/RealmSwift.framework",
			);
			runOnlyForDeploymentPostprocessing = 0;
			shellPath = /bin/sh;
			shellScript = "\"${PODS_ROOT}/Target Support Files/Pods-Todoey/Pods-Todoey-frameworks.sh\"\n";
			showEnvVarsInLog = 0;
		};
/* End PBXShellScriptBuildPhase section */

/* Begin PBXSourcesBuildPhase section */
		2E08A3C322BA6072004A863E /* Sources */ = {
			isa = PBXSourcesBuildPhase;
			buildActionMask = 2147483647;
			files = (
				2EFF3DCE22C5520A0006ED89 /* Item.swift in Sources */,
				2E08A3CD22BA6072004A863E /* TodoListViewController.swift in Sources */,
				2EBF009C22BEADE300447CC9 /* DataModel.xcdatamodeld in Sources */,
				2E08A3CB22BA6072004A863E /* AppDelegate.swift in Sources */,
				2E00437722BF8BBB0048A898 /* CategoryTableViewController.swift in Sources */,
				2EFF3DD022C5521F0006ED89 /* Category.swift in Sources */,
			);
			runOnlyForDeploymentPostprocessing = 0;
		};
/* End PBXSourcesBuildPhase section */

/* Begin PBXVariantGroup section */
		2E08A3CE22BA6072004A863E /* Main.storyboard */ = {
			isa = PBXVariantGroup;
			children = (
				2E08A3CF22BA6072004A863E /* Base */,
			);
			name = Main.storyboard;
			sourceTree = "<group>";
		};
		2E08A3D322BA6078004A863E /* LaunchScreen.storyboard */ = {
			isa = PBXVariantGroup;
			children = (
				2E08A3D422BA6078004A863E /* Base */,
			);
			name = LaunchScreen.storyboard;
			sourceTree = "<group>";
		};
/* End PBXVariantGroup section */

/* Begin XCBuildConfiguration section */
		2E08A3D722BA6078004A863E /* Debug */ = {
			isa = XCBuildConfiguration;
			buildSettings = {
				ALWAYS_SEARCH_USER_PATHS = NO;
				CLANG_ANALYZER_NONNULL = YES;
				CLANG_ANALYZER_NUMBER_OBJECT_CONVERSION = YES_AGGRESSIVE;
				CLANG_CXX_LANGUAGE_STANDARD = "gnu++14";
				CLANG_CXX_LIBRARY = "libc++";
				CLANG_ENABLE_MODULES = YES;
				CLANG_ENABLE_OBJC_ARC = YES;
				CLANG_ENABLE_OBJC_WEAK = YES;
				CLANG_WARN_BLOCK_CAPTURE_AUTORELEASING = YES;
				CLANG_WARN_BOOL_CONVERSION = YES;
				CLANG_WARN_COMMA = YES;
				CLANG_WARN_CONSTANT_CONVERSION = YES;
				CLANG_WARN_DEPRECATED_OBJC_IMPLEMENTATIONS = YES;
				CLANG_WARN_DIRECT_OBJC_ISA_USAGE = YES_ERROR;
				CLANG_WARN_DOCUMENTATION_COMMENTS = YES;
				CLANG_WARN_EMPTY_BODY = YES;
				CLANG_WARN_ENUM_CONVERSION = YES;
				CLANG_WARN_INFINITE_RECURSION = YES;
				CLANG_WARN_INT_CONVERSION = YES;
				CLANG_WARN_NON_LITERAL_NULL_CONVERSION = YES;
				CLANG_WARN_OBJC_IMPLICIT_RETAIN_SELF = YES;
				CLANG_WARN_OBJC_LITERAL_CONVERSION = YES;
				CLANG_WARN_OBJC_ROOT_CLASS = YES_ERROR;
				CLANG_WARN_RANGE_LOOP_ANALYSIS = YES;
				CLANG_WARN_STRICT_PROTOTYPES = YES;
				CLANG_WARN_SUSPICIOUS_MOVE = YES;
				CLANG_WARN_UNGUARDED_AVAILABILITY = YES_AGGRESSIVE;
				CLANG_WARN_UNREACHABLE_CODE = YES;
				CLANG_WARN__DUPLICATE_METHOD_MATCH = YES;
				CODE_SIGN_IDENTITY = "iPhone Developer";
				COPY_PHASE_STRIP = NO;
				DEBUG_INFORMATION_FORMAT = dwarf;
				ENABLE_STRICT_OBJC_MSGSEND = YES;
				ENABLE_TESTABILITY = YES;
				GCC_C_LANGUAGE_STANDARD = gnu11;
				GCC_DYNAMIC_NO_PIC = NO;
				GCC_NO_COMMON_BLOCKS = YES;
				GCC_OPTIMIZATION_LEVEL = 0;
				GCC_PREPROCESSOR_DEFINITIONS = (
					"DEBUG=1",
					"$(inherited)",
				);
				GCC_WARN_64_TO_32_BIT_CONVERSION = YES;
				GCC_WARN_ABOUT_RETURN_TYPE = YES_ERROR;
				GCC_WARN_UNDECLARED_SELECTOR = YES;
				GCC_WARN_UNINITIALIZED_AUTOS = YES_AGGRESSIVE;
				GCC_WARN_UNUSED_FUNCTION = YES;
				GCC_WARN_UNUSED_VARIABLE = YES;
				IPHONEOS_DEPLOYMENT_TARGET = 12.2;
				MTL_ENABLE_DEBUG_INFO = INCLUDE_SOURCE;
				MTL_FAST_MATH = YES;
				ONLY_ACTIVE_ARCH = YES;
				SDKROOT = iphoneos;
				SWIFT_ACTIVE_COMPILATION_CONDITIONS = DEBUG;
				SWIFT_OPTIMIZATION_LEVEL = "-Onone";
			};
			name = Debug;
		};
		2E08A3D822BA6078004A863E /* Release */ = {
			isa = XCBuildConfiguration;
			buildSettings = {
				ALWAYS_SEARCH_USER_PATHS = NO;
				CLANG_ANALYZER_NONNULL = YES;
				CLANG_ANALYZER_NUMBER_OBJECT_CONVERSION = YES_AGGRESSIVE;
				CLANG_CXX_LANGUAGE_STANDARD = "gnu++14";
				CLANG_CXX_LIBRARY = "libc++";
				CLANG_ENABLE_MODULES = YES;
				CLANG_ENABLE_OBJC_ARC = YES;
				CLANG_ENABLE_OBJC_WEAK = YES;
				CLANG_WARN_BLOCK_CAPTURE_AUTORELEASING = YES;
				CLANG_WARN_BOOL_CONVERSION = YES;
				CLANG_WARN_COMMA = YES;
				CLANG_WARN_CONSTANT_CONVERSION = YES;
				CLANG_WARN_DEPRECATED_OBJC_IMPLEMENTATIONS = YES;
				CLANG_WARN_DIRECT_OBJC_ISA_USAGE = YES_ERROR;
				CLANG_WARN_DOCUMENTATION_COMMENTS = YES;
				CLANG_WARN_EMPTY_BODY = YES;
				CLANG_WARN_ENUM_CONVERSION = YES;
				CLANG_WARN_INFINITE_RECURSION = YES;
				CLANG_WARN_INT_CONVERSION = YES;
				CLANG_WARN_NON_LITERAL_NULL_CONVERSION = YES;
				CLANG_WARN_OBJC_IMPLICIT_RETAIN_SELF = YES;
				CLANG_WARN_OBJC_LITERAL_CONVERSION = YES;
				CLANG_WARN_OBJC_ROOT_CLASS = YES_ERROR;
				CLANG_WARN_RANGE_LOOP_ANALYSIS = YES;
				CLANG_WARN_STRICT_PROTOTYPES = YES;
				CLANG_WARN_SUSPICIOUS_MOVE = YES;
				CLANG_WARN_UNGUARDED_AVAILABILITY = YES_AGGRESSIVE;
				CLANG_WARN_UNREACHABLE_CODE = YES;
				CLANG_WARN__DUPLICATE_METHOD_MATCH = YES;
				CODE_SIGN_IDENTITY = "iPhone Developer";
				COPY_PHASE_STRIP = NO;
				DEBUG_INFORMATION_FORMAT = "dwarf-with-dsym";
				ENABLE_NS_ASSERTIONS = NO;
				ENABLE_STRICT_OBJC_MSGSEND = YES;
				GCC_C_LANGUAGE_STANDARD = gnu11;
				GCC_NO_COMMON_BLOCKS = YES;
				GCC_WARN_64_TO_32_BIT_CONVERSION = YES;
				GCC_WARN_ABOUT_RETURN_TYPE = YES_ERROR;
				GCC_WARN_UNDECLARED_SELECTOR = YES;
				GCC_WARN_UNINITIALIZED_AUTOS = YES_AGGRESSIVE;
				GCC_WARN_UNUSED_FUNCTION = YES;
				GCC_WARN_UNUSED_VARIABLE = YES;
				IPHONEOS_DEPLOYMENT_TARGET = 12.2;
				MTL_ENABLE_DEBUG_INFO = NO;
				MTL_FAST_MATH = YES;
				SDKROOT = iphoneos;
				SWIFT_COMPILATION_MODE = wholemodule;
				SWIFT_OPTIMIZATION_LEVEL = "-O";
				VALIDATE_PRODUCT = YES;
			};
			name = Release;
		};
		2E08A3DA22BA6078004A863E /* Debug */ = {
			isa = XCBuildConfiguration;
			baseConfigurationReference = 1640B2DBCFBAD6A68F5CEF8F /* Pods-Todoey.debug.xcconfig */;
			buildSettings = {
				ASSETCATALOG_COMPILER_APPICON_NAME = AppIcon;
				CODE_SIGN_STYLE = Automatic;
				DEVELOPMENT_TEAM = UJ83XWKNFQ;
				INFOPLIST_FILE = Todoey/Info.plist;
				LD_RUNPATH_SEARCH_PATHS = (
					"$(inherited)",
					"@executable_path/Frameworks",
				);
				PRODUCT_BUNDLE_IDENTIFIER = com.Dovy.Todoey;
				PRODUCT_NAME = "$(TARGET_NAME)";
				SWIFT_VERSION = 5.0;
				TARGETED_DEVICE_FAMILY = "1,2";
			};
			name = Debug;
		};
		2E08A3DB22BA6078004A863E /* Release */ = {
			isa = XCBuildConfiguration;
			baseConfigurationReference = DA2AA40C4A64B6A411791432 /* Pods-Todoey.release.xcconfig */;
			buildSettings = {
				ASSETCATALOG_COMPILER_APPICON_NAME = AppIcon;
				CODE_SIGN_STYLE = Automatic;
				DEVELOPMENT_TEAM = UJ83XWKNFQ;
				INFOPLIST_FILE = Todoey/Info.plist;
				LD_RUNPATH_SEARCH_PATHS = (
					"$(inherited)",
					"@executable_path/Frameworks",
				);
				PRODUCT_BUNDLE_IDENTIFIER = com.Dovy.Todoey;
				PRODUCT_NAME = "$(TARGET_NAME)";
				SWIFT_VERSION = 5.0;
				TARGETED_DEVICE_FAMILY = "1,2";
			};
			name = Release;
		};
/* End XCBuildConfiguration section */

/* Begin XCConfigurationList section */
		2E08A3C222BA6072004A863E /* Build configuration list for PBXProject "Todoey" */ = {
			isa = XCConfigurationList;
			buildConfigurations = (
				2E08A3D722BA6078004A863E /* Debug */,
				2E08A3D822BA6078004A863E /* Release */,
			);
			defaultConfigurationIsVisible = 0;
			defaultConfigurationName = Release;
		};
		2E08A3D922BA6078004A863E /* Build configuration list for PBXNativeTarget "Todoey" */ = {
			isa = XCConfigurationList;
			buildConfigurations = (
				2E08A3DA22BA6078004A863E /* Debug */,
				2E08A3DB22BA6078004A863E /* Release */,
			);
			defaultConfigurationIsVisible = 0;
			defaultConfigurationName = Release;
		};
/* End XCConfigurationList section */

/* Begin XCVersionGroup section */
		2EBF009A22BEADE300447CC9 /* DataModel.xcdatamodeld */ = {
			isa = XCVersionGroup;
			children = (
				2EBF009B22BEADE300447CC9 /* DataModel.xcdatamodel */,
			);
			currentVersion = 2EBF009B22BEADE300447CC9 /* DataModel.xcdatamodel */;
			path = DataModel.xcdatamodeld;
			sourceTree = "<group>";
			versionGroupType = wrapper.xcdatamodel;
		};
/* End XCVersionGroup section */
	};
	rootObject = 2E08A3BF22BA6072004A863E /* Project object */;
}
